
Microsoft Visual Studio Solution File, Format Version 12.00
# Visual Studio Version 16
VisualStudioVersion = 16.0.31702.278
MinimumVisualStudioVersion = 10.0.40219.1
Project("{FAE04EC0-301F-11D3-BF4B-00C04F79EFBC}") = "DBDパークルーレット", "DBDパークルーレット\DBDパークルーレット.csproj", "{DCF21AEF-6E73-4561-BBC1-3FAD2C15574A}"
EndProject
Global
	GlobalSection(SolutionConfigurationPlatforms) = preSolution
		Debug|Any CPU = Debug|Any CPU
		Release|Any CPU = Release|Any CPU
	EndGlobalSection
	GlobalSection(ProjectConfigurationPlatforms) = postSolution
		{DCF21AEF-6E73-4561-BBC1-3FAD2C15574A}.Debug|Any CPU.ActiveCfg = Debug|Any CPU
		{DCF21AEF-6E73-4561-BBC1-3FAD2C15574A}.Debug|Any CPU.Build.0 = Debug|Any CPU
		{DCF21AEF-6E73-4561-BBC1-3FAD2C15574A}.Release|Any CPU.ActiveCfg = Release|Any CPU
		{DCF21AEF-6E73-4561-BBC1-3FAD2C15574A}.Release|Any CPU.Build.0 = Release|Any CPU
	EndGlobalSection
	GlobalSection(SolutionProperties) = preSolution
		HideSolutionNode = FALSE
	EndGlobalSection
	GlobalSection(ExtensibilityGlobals) = postSolution
		SolutionGuid = {DCE37677-E8F8-4672-ADA5-60298D634255}
	EndGlobalSection
EndGlobal
